
Microsoft Visual Studio Solution File, Format Version 12.00
# Visual Studio Version 16
VisualStudioVersion = 16.0.31702.278
MinimumVisualStudioVersion = 10.0.40219.1
Project("{9A19103F-16F7-4668-BE54-9A1E7A4F7556}") = "datesParser", "datesParser\datesParser.csproj", "{A0070963-D08B-467B-9FB1-3CB749DDCC39}"
EndProject
Project("{FAE04EC0-301F-11D3-BF4B-00C04F79EFBC}") = "dateParser.Tests", "dateParser.Tests\dateParser.Tests.csproj", "{B011EAEC-73CD-4487-A1A6-97AB847DF819}"
EndProject
Global
	GlobalSection(SolutionConfigurationPlatforms) = preSolution
		Debug|Any CPU = Debug|Any CPU
		Release|Any CPU = Release|Any CPU
	EndGlobalSection
	GlobalSection(ProjectConfigurationPlatforms) = postSolution
		{A0070963-D08B-467B-9FB1-3CB749DDCC39}.Debug|Any CPU.ActiveCfg = Debug|Any CPU
		{A0070963-D08B-467B-9FB1-3CB749DDCC39}.Debug|Any CPU.Build.0 = Debug|Any CPU
		{A0070963-D08B-467B-9FB1-3CB749DDCC39}.Release|Any CPU.ActiveCfg = Release|Any CPU
		{A0070963-D08B-467B-9FB1-3CB749DDCC39}.Release|Any CPU.Build.0 = Release|Any CPU
		{B011EAEC-73CD-4487-A1A6-97AB847DF819}.Debug|Any CPU.ActiveCfg = Debug|Any CPU
		{B011EAEC-73CD-4487-A1A6-97AB847DF819}.Debug|Any CPU.Build.0 = Debug|Any CPU
		{B011EAEC-73CD-4487-A1A6-97AB847DF819}.Release|Any CPU.ActiveCfg = Release|Any CPU
		{B011EAEC-73CD-4487-A1A6-97AB847DF819}.Release|Any CPU.Build.0 = Release|Any CPU
	EndGlobalSection
	GlobalSection(SolutionProperties) = preSolution
		HideSolutionNode = FALSE
	EndGlobalSection
	GlobalSection(ExtensibilityGlobals) = postSolution
		SolutionGuid = {C5AC734D-3D1F-48CF-AE14-D786F2D61B78}
	EndGlobalSection
EndGlobal
